
Microsoft Visual Studio Solution File, Format Version 12.00
# Visual Studio Version 17
VisualStudioVersion = 17.9.34728.123
MinimumVisualStudioVersion = 10.0.40219.1
Project("{8BC9CEB8-8B4A-11D0-8D11-00A0C91BC942}") = "Code", "Code\Code.vcxproj", "{A9E8B2A8-0D83-4816-9B64-A2E354F56C73}"
EndProject
Global
	GlobalSection(SolutionConfigurationPlatforms) = preSolution
		Debug|x64 = Debug|x64
		Debug|x86 = Debug|x86
		Release|x64 = Release|x64
		Release|x86 = Release|x86
	EndGlobalSection
	GlobalSection(ProjectConfigurationPlatforms) = postSolution
		{A9E8B2A8-0D83-4816-9B64-A2E354F56C73}.Debug|x64.ActiveCfg = Debug|x64
		{A9E8B2A8-0D83-4816-9B64-A2E354F56C73}.Debug|x64.Build.0 = Debug|x64
		{A9E8B2A8-0D83-4816-9B64-A2E354F56C73}.Debug|x86.ActiveCfg = Debug|Win32
		{A9E8B2A8-0D83-4816-9B64-A2E354F56C73}.Debug|x86.Build.0 = Debug|Win32
		{A9E8B2A8-0D83-4816-9B64-A2E354F56C73}.Release|x64.ActiveCfg = Release|x64
		{A9E8B2A8-0D83-4816-9B64-A2E354F56C73}.Release|x64.Build.0 = Release|x64
		{A9E8B2A8-0D83-4816-9B64-A2E354F56C73}.Release|x86.ActiveCfg = Release|Win32
		{A9E8B2A8-0D83-4816-9B64-A2E354F56C73}.Release|x86.Build.0 = Release|Win32
	EndGlobalSection
	GlobalSection(SolutionProperties) = preSolution
		HideSolutionNode = FALSE
	EndGlobalSection
	GlobalSection(ExtensibilityGlobals) = postSolution
		SolutionGuid = {619D85FD-0AC0-498E-B5D2-2E701F38BD59}
	EndGlobalSection
EndGlobal
